<Solution>
  <Project Path="BetterHierarchy.csproj" />
  <Project Path="LeanCommon.csproj" />
  <Project Path="CW.Common.csproj" />
  <Project Path="Assembly-CSharp.csproj" />
  <Project Path="Assembly-CSharp-Editor-firstpass.csproj" />
  <Project Path="BetterHierarchyDemoScripts.csproj" />
  <Project Path="LeanPool.csproj" />
</Solution>
